
Microsoft Visual Studio Solution File, Format Version 12.00
# Visual Studio Version 17
VisualStudioVersion = 17.4.33103.184
MinimumVisualStudioVersion = 10.0.40219.1
Project("{8BC9CEB8-8B4A-11D0-8D11-00A0C91BC942}") = "test", "test\test.vcxproj", "{BAF86372-54BB-46C1-B057-4B880AA80768}"
EndProject
Global
	GlobalSection(SolutionConfigurationPlatforms) = preSolution
		Debug|x64 = Debug|x64
		Debug|x86 = Debug|x86
		Release|x64 = Release|x64
		Release|x86 = Release|x86
	EndGlobalSection
	GlobalSection(ProjectConfigurationPlatforms) = postSolution
		{BAF86372-54BB-46C1-B057-4B880AA80768}.Debug|x64.ActiveCfg = Debug|x64
		{BAF86372-54BB-46C1-B057-4B880AA80768}.Debug|x64.Build.0 = Debug|x64
		{BAF86372-54BB-46C1-B057-4B880AA80768}.Debug|x86.ActiveCfg = Debug|Win32
		{BAF86372-54BB-46C1-B057-4B880AA80768}.Debug|x86.Build.0 = Debug|Win32
		{BAF86372-54BB-46C1-B057-4B880AA80768}.Release|x64.ActiveCfg = Release|x64
		{BAF86372-54BB-46C1-B057-4B880AA80768}.Release|x64.Build.0 = Release|x64
		{BAF86372-54BB-46C1-B057-4B880AA80768}.Release|x86.ActiveCfg = Release|Win32
		{BAF86372-54BB-46C1-B057-4B880AA80768}.Release|x86.Build.0 = Release|Win32
	EndGlobalSection
	GlobalSection(SolutionProperties) = preSolution
		HideSolutionNode = FALSE
	EndGlobalSection
	GlobalSection(ExtensibilityGlobals) = postSolution
		SolutionGuid = {A6E45759-73FA-4FFA-A8D8-42FBB992EE96}
	EndGlobalSection
EndGlobal
