
Microsoft Visual Studio Solution File, Format Version 12.00
# Visual Studio Version 17
VisualStudioVersion = 17.2.32519.379
MinimumVisualStudioVersion = 10.0.40219.1
Project("{8BC9CEB8-8B4A-11D0-8D11-00A0C91BC942}") = "stringstream", "stringstream\stringstream.vcxproj", "{DC010AA1-E3AE-4F47-B766-E82AC4C4B1C7}"
EndProject
Global
	GlobalSection(SolutionConfigurationPlatforms) = preSolution
		Debug|x64 = Debug|x64
		Debug|x86 = Debug|x86
		Release|x64 = Release|x64
		Release|x86 = Release|x86
	EndGlobalSection
	GlobalSection(ProjectConfigurationPlatforms) = postSolution
		{DC010AA1-E3AE-4F47-B766-E82AC4C4B1C7}.Debug|x64.ActiveCfg = Debug|x64
		{DC010AA1-E3AE-4F47-B766-E82AC4C4B1C7}.Debug|x64.Build.0 = Debug|x64
		{DC010AA1-E3AE-4F47-B766-E82AC4C4B1C7}.Debug|x86.ActiveCfg = Debug|Win32
		{DC010AA1-E3AE-4F47-B766-E82AC4C4B1C7}.Debug|x86.Build.0 = Debug|Win32
		{DC010AA1-E3AE-4F47-B766-E82AC4C4B1C7}.Release|x64.ActiveCfg = Release|x64
		{DC010AA1-E3AE-4F47-B766-E82AC4C4B1C7}.Release|x64.Build.0 = Release|x64
		{DC010AA1-E3AE-4F47-B766-E82AC4C4B1C7}.Release|x86.ActiveCfg = Release|Win32
		{DC010AA1-E3AE-4F47-B766-E82AC4C4B1C7}.Release|x86.Build.0 = Release|Win32
	EndGlobalSection
	GlobalSection(SolutionProperties) = preSolution
		HideSolutionNode = FALSE
	EndGlobalSection
	GlobalSection(ExtensibilityGlobals) = postSolution
		SolutionGuid = {1E488423-129E-477E-B9A5-92F236C8DF98}
	EndGlobalSection
EndGlobal
